// !$*UTF8*$!
{
	archiveVersion = 1;
	classes = {
	};
	objectVersion = 46;
	objects = {

/* Begin PBXBuildFile section */
		2AC630931979358600E768A4 /* Foundation.framework in Frameworks */ = {isa = PBXBuildFile; fileRef = 2AC630921979358600E768A4 /* Foundation.framework */; };
		2AC630951979358600E768A4 /* CoreGraphics.framework in Frameworks */ = {isa = PBXBuildFile; fileRef = 2AC630941979358600E768A4 /* CoreGraphics.framework */; };
		2AC630971979358600E768A4 /* UIKit.framework in Frameworks */ = {isa = PBXBuildFile; fileRef = 2AC630961979358600E768A4 /* UIKit.framework */; };
		2AC6309D1979358600E768A4 /* InfoPlist.strings in Resources */ = {isa = PBXBuildFile; fileRef = 2AC6309B1979358600E768A4 /* InfoPlist.strings */; };
		2AC6309F1979358600E768A4 /* main.m in Sources */ = {isa = PBXBuildFile; fileRef = 2AC6309E1979358600E768A4 /* main.m */; };
		2AC630A31979358600E768A4 /* JLAppDelegate.m in Sources */ = {isa = PBXBuildFile; fileRef = 2AC630A21979358600E768A4 /* JLAppDelegate.m */; };
		2AC630A61979358700E768A4 /* Main.storyboard in Resources */ = {isa = PBXBuildFile; fileRef = 2AC630A41979358700E768A4 /* Main.storyboard */; };
		2AC630A91979358700E768A4 /* JLViewController.m in Sources */ = {isa = PBXBuildFile; fileRef = 2AC630A81979358700E768A4 /* JLViewController.m */; };
		2AC630AB1979358700E768A4 /* Images.xcassets in Resources */ = {isa = PBXBuildFile; fileRef = 2AC630AA1979358700E768A4 /* Images.xcassets */; };
		2AC630B21979358700E768A4 /* XCTest.framework in Frameworks */ = {isa = PBXBuildFile; fileRef = 2AC630B11979358700E768A4 /* XCTest.framework */; };
		2AC630B31979358700E768A4 /* Foundation.framework in Frameworks */ = {isa = PBXBuildFile; fileRef = 2AC630921979358600E768A4 /* Foundation.framework */; };
		2AC630B41979358700E768A4 /* UIKit.framework in Frameworks */ = {isa = PBXBuildFile; fileRef = 2AC630961979358600E768A4 /* UIKit.framework */; };
		2AC630BC1979358700E768A4 /* InfoPlist.strings in Resources */ = {isa = PBXBuildFile; fileRef = 2AC630BA1979358700E768A4 /* InfoPlist.strings */; };
		2AC630BE1979358700E768A4 /* C10_Git_testTests.m in Sources */ = {isa = PBXBuildFile; fileRef = 2AC630BD1979358700E768A4 /* C10_Git_testTests.m */; };
/* End PBXBuildFile section */

/* Begin PBXContainerItemProxy section */
		2AC630B51979358700E768A4 /* PBXContainerItemProxy */ = {
			isa = PBXContainerItemProxy;
			containerPortal = 2AC630871979358600E768A4 /* Project object */;
			proxyType = 1;
			remoteGlobalIDString = 2AC6308E1979358600E768A4;
			remoteInfo = "C10-Git test";
		};
/* End PBXContainerItemProxy section */

/* Begin PBXFileReference section */
		2AC6308F1979358600E768A4 /* C10-Git test.app */ = {isa = PBXFileReference; explicitFileType = wrapper.application; includeInIndex = 0; path = "C10-Git test.app"; sourceTree = BUILT_PRODUCTS_DIR; };
		2AC630921979358600E768A4 /* Foundation.framework */ = {isa = PBXFileReference; lastKnownFileType = wrapper.framework; name = Foundation.framework; path = System/Library/Frameworks/Foundation.framework; sourceTree = SDKROOT; };
		2AC630941979358600E768A4 /* CoreGraphics.framework */ = {isa = PBXFileReference; lastKnownFileType = wrapper.framework; name = CoreGraphics.framework; path = System/Library/Frameworks/CoreGraphics.framework; sourceTree = SDKROOT; };
		2AC630961979358600E768A4 /* UIKit.framework */ = {isa = PBXFileReference; lastKnownFileType = wrapper.framework; name = UIKit.framework; path = System/Library/Frameworks/UIKit.framework; sourceTree = SDKROOT; };
		2AC6309A1979358600E768A4 /* C10-Git test-Info.plist */ = {isa = PBXFileReference; lastKnownFileType = text.plist.xml; path = "C10-Git test-Info.plist"; sourceTree = "<group>"; };
		2AC6309C1979358600E768A4 /* en */ = {isa = PBXFileReference; lastKnownFileType = text.plist.strings; name = en; path = en.lproj/InfoPlist.strings; sourceTree = "<group>"; };
		2AC6309E1979358600E768A4 /* main.m */ = {isa = PBXFileReference; lastKnownFileType = sourcecode.c.objc; path = main.m; sourceTree = "<group>"; };
		2AC630A01979358600E768A4 /* C10-Git test-Prefix.pch */ = {isa = PBXFileReference; lastKnownFileType = sourcecode.c.h; path = "C10-Git test-Prefix.pch"; sourceTree = "<group>"; };
		2AC630A11979358600E768A4 /* JLAppDelegate.h */ = {isa = PBXFileReference; lastKnownFileType = sourcecode.c.h; path = JLAppDelegate.h; sourceTree = "<group>"; };
		2AC630A21979358600E768A4 /* JLAppDelegate.m */ = {isa = PBXFileReference; lastKnownFileType = sourcecode.c.objc; path = JLAppDelegate.m; sourceTree = "<group>"; };
		2AC630A51979358700E768A4 /* Base */ = {isa = PBXFileReference; lastKnownFileType = file.storyboard; name = Base; path = Base.lproj/Main.storyboard; sourceTree = "<group>"; };
		2AC630A71979358700E768A4 /* JLViewController.h */ = {isa = PBXFileReference; lastKnownFileType = sourcecode.c.h; path = JLViewController.h; sourceTree = "<group>"; };
		2AC630A81979358700E768A4 /* JLViewController.m */ = {isa = PBXFileReference; lastKnownFileType = sourcecode.c.objc; path = JLViewController.m; sourceTree = "<group>"; };
		2AC630AA1979358700E768A4 /* Images.xcassets */ = {isa = PBXFileReference; lastKnownFileType = folder.assetcatalog; path = Images.xcassets; sourceTree = "<group>"; };
		2AC630B01979358700E768A4 /* C10-Git testTests.xctest */ = {isa = PBXFileReference; explicitFileType = wrapper.cfbundle; includeInIndex = 0; path = "C10-Git testTests.xctest"; sourceTree = BUILT_PRODUCTS_DIR; };
		2AC630B11979358700E768A4 /* XCTest.framework */ = {isa = PBXFileReference; lastKnownFileType = wrapper.framework; name = XCTest.framework; path = Library/Frameworks/XCTest.framework; sourceTree = DEVELOPER_DIR; };
		2AC630B91979358700E768A4 /* C10-Git testTests-Info.plist */ = {isa = PBXFileReference; lastKnownFileType = text.plist.xml; path = "C10-Git testTests-Info.plist"; sourceTree = "<group>"; };
		2AC630BB1979358700E768A4 /* en */ = {isa = PBXFileReference; lastKnownFileType = text.plist.strings; name = en; path = en.lproj/InfoPlist.strings; sourceTree = "<group>"; };
		2AC630BD1979358700E768A4 /* C10_Git_testTests.m */ = {isa = PBXFileReference; lastKnownFileType = sourcecode.c.objc; path = C10_Git_testTests.m; sourceTree = "<group>"; };
/* End PBXFileReference section */

/* Begin PBXFrameworksBuildPhase section */
		2AC6308C1979358600E768A4 /* Frameworks */ = {
			isa = PBXFrameworksBuildPhase;
			buildActionMask = 2147483647;
			files = (
				2AC630951979358600E768A4 /* CoreGraphics.framework in Frameworks */,
				2AC630971979358600E768A4 /* UIKit.framework in Frameworks */,
				2AC630931979358600E768A4 /* Foundation.framework in Frameworks */,
			);
			runOnlyForDeploymentPostprocessing = 0;
		};
		2AC630AD1979358700E768A4 /* Frameworks */ = {
			isa = PBXFrameworksBuildPhase;
			buildActionMask = 2147483647;
			files = (
				2AC630B21979358700E768A4 /* XCTest.framework in Frameworks */,
				2AC630B41979358700E768A4 /* UIKit.framework in Frameworks */,
				2AC630B31979358700E768A4 /* Foundation.framework in Frameworks */,
			);
			runOnlyForDeploymentPostprocessing = 0;
		};
/* End PBXFrameworksBuildPhase section */

/* Begin PBXGroup section */
		2AC630861979358600E768A4 = {
			isa = PBXGroup;
			children = (
				2AC630981979358600E768A4 /* C10-Git test */,
				2AC630B71979358700E768A4 /* C10-Git testTests */,
				2AC630911979358600E768A4 /* Frameworks */,
				2AC630901979358600E768A4 /* Products */,
			);
			sourceTree = "<group>";
		};
		2AC630901979358600E768A4 /* Products */ = {
			isa = PBXGroup;
			children = (
				2AC6308F1979358600E768A4 /* C10-Git test.app */,
				2AC630B01979358700E768A4 /* C10-Git testTests.xctest */,
			);
			name = Products;
			sourceTree = "<group>";
		};
		2AC630911979358600E768A4 /* Frameworks */ = {
			isa = PBXGroup;
			children = (
				2AC630921979358600E768A4 /* Foundation.framework */,
				2AC630941979358600E768A4 /* CoreGraphics.framework */,
				2AC630961979358600E768A4 /* UIKit.framework */,
				2AC630B11979358700E768A4 /* XCTest.framework */,
			);
			name = Frameworks;
			sourceTree = "<group>";
		};
		2AC630981979358600E768A4 /* C10-Git test */ = {
			isa = PBXGroup;
			children = (
				2AC630A11979358600E768A4 /* JLAppDelegate.h */,
				2AC630A21979358600E768A4 /* JLAppDelegate.m */,
				2AC630A41979358700E768A4 /* Main.storyboard */,
				2AC630A71979358700E768A4 /* JLViewController.h */,
				2AC630A81979358700E768A4 /* JLViewController.m */,
				2AC630AA1979358700E768A4 /* Images.xcassets */,
				2AC630991979358600E768A4 /* Supporting Files */,
			);
			path = "C10-Git test";
			sourceTree = "<group>";
		};
		2AC630991979358600E768A4 /* Supporting Files */ = {
			isa = PBXGroup;
			children = (
				2AC6309A1979358600E768A4 /* C10-Git test-Info.plist */,
				2AC6309B1979358600E768A4 /* InfoPlist.strings */,
				2AC6309E1979358600E768A4 /* main.m */,
				2AC630A01979358600E768A4 /* C10-Git test-Prefix.pch */,
			);
			name = "Supporting Files";
			sourceTree = "<group>";
		};
		2AC630B71979358700E768A4 /* C10-Git testTests */ = {
			isa = PBXGroup;
			children = (
				2AC630BD1979358700E768A4 /* C10_Git_testTests.m */,
				2AC630B81979358700E768A4 /* Supporting Files */,
			);
			path = "C10-Git testTests";
			sourceTree = "<group>";
		};
		2AC630B81979358700E768A4 /* Supporting Files */ = {
			isa = PBXGroup;
			children = (
				2AC630B91979358700E768A4 /* C10-Git testTests-Info.plist */,
				2AC630BA1979358700E768A4 /* InfoPlist.strings */,
			);
			name = "Supporting Files";
			sourceTree = "<group>";
		};
/* End PBXGroup section */

/* Begin PBXNativeTarget section */
		2AC6308E1979358600E768A4 /* C10-Git test */ = {
			isa = PBXNativeTarget;
			buildConfigurationList = 2AC630C11979358700E768A4 /* Build configuration list for PBXNativeTarget "C10-Git test" */;
			buildPhases = (
				2AC6308B1979358600E768A4 /* Sources */,
				2AC6308C1979358600E768A4 /* Frameworks */,
				2AC6308D1979358600E768A4 /* Resources */,
			);
			buildRules = (
			);
			dependencies = (
			);
			name = "C10-Git test";
			productName = "C10-Git test";
			productReference = 2AC6308F1979358600E768A4 /* C10-Git test.app */;
			productType = "com.apple.product-type.application";
		};
		2AC630AF1979358700E768A4 /* C10-Git testTests */ = {
			isa = PBXNativeTarget;
			buildConfigurationList = 2AC630C41979358700E768A4 /* Build configuration list for PBXNativeTarget "C10-Git testTests" */;
			buildPhases = (
				2AC630AC1979358700E768A4 /* Sources */,
				2AC630AD1979358700E768A4 /* Frameworks */,
				2AC630AE1979358700E768A4 /* Resources */,
			);
			buildRules = (
			);
			dependencies = (
				2AC630B61979358700E768A4 /* PBXTargetDependency */,
			);
			name = "C10-Git testTests";
			productName = "C10-Git testTests";
			productReference = 2AC630B01979358700E768A4 /* C10-Git testTests.xctest */;
			productType = "com.apple.product-type.bundle.unit-test";
		};
/* End PBXNativeTarget section */

/* Begin PBXProject section */
		2AC630871979358600E768A4 /* Project object */ = {
			isa = PBXProject;
			attributes = {
				CLASSPREFIX = JL;
				LastUpgradeCheck = 0510;
				ORGANIZATIONNAME = "Jungha Lee";
				TargetAttributes = {
					2AC630AF1979358700E768A4 = {
						TestTargetID = 2AC6308E1979358600E768A4;
					};
				};
			};
			buildConfigurationList = 2AC6308A1979358600E768A4 /* Build configuration list for PBXProject "C10-Git test" */;
			compatibilityVersion = "Xcode 3.2";
			developmentRegion = English;
			hasScannedForEncodings = 0;
			knownRegions = (
				en,
				Base,
			);
			mainGroup = 2AC630861979358600E768A4;
			productRefGroup = 2AC630901979358600E768A4 /* Products */;
			projectDirPath = "";
			projectRoot = "";
			targets = (
				2AC6308E1979358600E768A4 /* C10-Git test */,
				2AC630AF1979358700E768A4 /* C10-Git testTests */,
			);
		};
/* End PBXProject section */

/* Begin PBXResourcesBuildPhase section */
		2AC6308D1979358600E768A4 /* Resources */ = {
			isa = PBXResourcesBuildPhase;
			buildActionMask = 2147483647;
			files = (
				2AC630AB1979358700E768A4 /* Images.xcassets in Resources */,
				2AC6309D1979358600E768A4 /* InfoPlist.strings in Resources */,
				2AC630A61979358700E768A4 /* Main.storyboard in Resources */,
			);
			runOnlyForDeploymentPostprocessing = 0;
		};
		2AC630AE1979358700E768A4 /* Resources */ = {
			isa = PBXResourcesBuildPhase;
			buildActionMask = 2147483647;
			files = (
				2AC630BC1979358700E768A4 /* InfoPlist.strings in Resources */,
			);
			runOnlyForDeploymentPostprocessing = 0;
		};
/* End PBXResourcesBuildPhase section */

/* Begin PBXSourcesBuildPhase section */
		2AC6308B1979358600E768A4 /* Sources */ = {
			isa = PBXSourcesBuildPhase;
			buildActionMask = 2147483647;
			files = (
				2AC630A31979358600E768A4 /* JLAppDelegate.m in Sources */,
				2AC630A91979358700E768A4 /* JLViewController.m in Sources */,
				2AC6309F1979358600E768A4 /* main.m in Sources */,
			);
			runOnlyForDeploymentPostprocessing = 0;
		};
		2AC630AC1979358700E768A4 /* Sources */ = {
			isa = PBXSourcesBuildPhase;
			buildActionMask = 2147483647;
			files = (
				2AC630BE1979358700E768A4 /* C10_Git_testTests.m in Sources */,
			);
			runOnlyForDeploymentPostprocessing = 0;
		};
/* End PBXSourcesBuildPhase section */

/* Begin PBXTargetDependency section */
		2AC630B61979358700E768A4 /* PBXTargetDependency */ = {
			isa = PBXTargetDependency;
			target = 2AC6308E1979358600E768A4 /* C10-Git test */;
			targetProxy = 2AC630B51979358700E768A4 /* PBXContainerItemProxy */;
		};
/* End PBXTargetDependency section */

/* Begin PBXVariantGroup section */
		2AC6309B1979358600E768A4 /* InfoPlist.strings */ = {
			isa = PBXVariantGroup;
			children = (
				2AC6309C1979358600E768A4 /* en */,
			);
			name = InfoPlist.strings;
			sourceTree = "<group>";
		};
		2AC630A41979358700E768A4 /* Main.storyboard */ = {
			isa = PBXVariantGroup;
			children = (
				2AC630A51979358700E768A4 /* Base */,
			);
			name = Main.storyboard;
			sourceTree = "<group>";
		};
		2AC630BA1979358700E768A4 /* InfoPlist.strings */ = {
			isa = PBXVariantGroup;
			children = (
				2AC630BB1979358700E768A4 /* en */,
			);
			name = InfoPlist.strings;
			sourceTree = "<group>";
		};
/* End PBXVariantGroup section */

/* Begin XCBuildConfiguration section */
		2AC630BF1979358700E768A4 /* Debug */ = {
			isa = XCBuildConfiguration;
			buildSettings = {
				ALWAYS_SEARCH_USER_PATHS = NO;
				CLANG_CXX_LANGUAGE_STANDARD = "gnu++0x";
				CLANG_CXX_LIBRARY = "libc++";
				CLANG_ENABLE_MODULES = YES;
				CLANG_ENABLE_OBJC_ARC = YES;
				CLANG_WARN_BOOL_CONVERSION = YES;
				CLANG_WARN_CONSTANT_CONVERSION = YES;
				CLANG_WARN_DIRECT_OBJC_ISA_USAGE = YES_ERROR;
				CLANG_WARN_EMPTY_BODY = YES;
				CLANG_WARN_ENUM_CONVERSION = YES;
				CLANG_WARN_INT_CONVERSION = YES;
				CLANG_WARN_OBJC_ROOT_CLASS = YES_ERROR;
				CLANG_WARN__DUPLICATE_METHOD_MATCH = YES;
				"CODE_SIGN_IDENTITY[sdk=iphoneos*]" = "iPhone Developer";
				COPY_PHASE_STRIP = NO;
				GCC_C_LANGUAGE_STANDARD = gnu99;
				GCC_DYNAMIC_NO_PIC = NO;
				GCC_OPTIMIZATION_LEVEL = 0;
				GCC_PREPROCESSOR_DEFINITIONS = (
					"DEBUG=1",
					"$(inherited)",
				);
				GCC_SYMBOLS_PRIVATE_EXTERN = NO;
				GCC_WARN_64_TO_32_BIT_CONVERSION = YES;
				GCC_WARN_ABOUT_RETURN_TYPE = YES_ERROR;
				GCC_WARN_UNDECLARED_SELECTOR = YES;
				GCC_WARN_UNINITIALIZED_AUTOS = YES_AGGRESSIVE;
				GCC_WARN_UNUSED_FUNCTION = YES;
				GCC_WARN_UNUSED_VARIABLE = YES;
				IPHONEOS_DEPLOYMENT_TARGET = 7.1;
				ONLY_ACTIVE_ARCH = YES;
				SDKROOT = iphoneos;
			};
			name = Debug;
		};
		2AC630C01979358700E768A4 /* Release */ = {
			isa = XCBuildConfiguration;
			buildSettings = {
				ALWAYS_SEARCH_USER_PATHS = NO;
				CLANG_CXX_LANGUAGE_STANDARD = "gnu++0x";
				CLANG_CXX_LIBRARY = "libc++";
				CLANG_ENABLE_MODULES = YES;
				CLANG_ENABLE_OBJC_ARC = YES;
				CLANG_WARN_BOOL_CONVERSION = YES;
				CLANG_WARN_CONSTANT_CONVERSION = YES;
				CLANG_WARN_DIRECT_OBJC_ISA_USAGE = YES_ERROR;
				CLANG_WARN_EMPTY_BODY = YES;
				CLANG_WARN_ENUM_CONVERSION = YES;
				CLANG_WARN_INT_CONVERSION = YES;
				CLANG_WARN_OBJC_ROOT_CLASS = YES_ERROR;
				CLANG_WARN__DUPLICATE_METHOD_MATCH = YES;
				"CODE_SIGN_IDENTITY[sdk=iphoneos*]" = "iPhone Developer";
				COPY_PHASE_STRIP = YES;
				ENABLE_NS_ASSERTIONS = NO;
				GCC_C_LANGUAGE_STANDARD = gnu99;
				GCC_WARN_64_TO_32_BIT_CONVERSION = YES;
				GCC_WARN_ABOUT_RETURN_TYPE = YES_ERROR;
				GCC_WARN_UNDECLARED_SELECTOR = YES;
				GCC_WARN_UNINITIALIZED_AUTOS = YES_AGGRESSIVE;
				GCC_WARN_UNUSED_FUNCTION = YES;
				GCC_WARN_UNUSED_VARIABLE = YES;
				IPHONEOS_DEPLOYMENT_TARGET = 7.1;
				SDKROOT = iphoneos;
				VALIDATE_PRODUCT = YES;
			};
			name = Release;
		};
		2AC630C21979358700E768A4 /* Debug */ = {
			isa = XCBuildConfiguration;
			buildSettings = {
				ASSETCATALOG_COMPILER_APPICON_NAME = AppIcon;
				ASSETCATALOG_COMPILER_LAUNCHIMAGE_NAME = LaunchImage;
				GCC_PRECOMPILE_PREFIX_HEADER = YES;
				GCC_PREFIX_HEADER = "C10-Git test/C10-Git test-Prefix.pch";
				INFOPLIST_FILE = "C10-Git test/C10-Git test-Info.plist";
				PRODUCT_NAME = "$(TARGET_NAME)";
				WRAPPER_EXTENSION = app;
			};
			name = Debug;
		};
		2AC630C31979358700E768A4 /* Release */ = {
			isa = XCBuildConfiguration;
			buildSettings = {
				ASSETCATALOG_COMPILER_APPICON_NAME = AppIcon;
				ASSETCATALOG_COMPILER_LAUNCHIMAGE_NAME = LaunchImage;
				GCC_PRECOMPILE_PREFIX_HEADER = YES;
				GCC_PREFIX_HEADER = "C10-Git test/C10-Git test-Prefix.pch";
				INFOPLIST_FILE = "C10-Git test/C10-Git test-Info.plist";
				PRODUCT_NAME = "$(TARGET_NAME)";
				WRAPPER_EXTENSION = app;
			};
			name = Release;
		};
		2AC630C51979358700E768A4 /* Debug */ = {
			isa = XCBuildConfiguration;
			buildSettings = {
				BUNDLE_LOADER = "$(BUILT_PRODUCTS_DIR)/C10-Git test.app/C10-Git test";
				FRAMEWORK_SEARCH_PATHS = (
					"$(SDKROOT)/Developer/Library/Frameworks",
					"$(inherited)",
					"$(DEVELOPER_FRAMEWORKS_DIR)",
				);
				GCC_PRECOMPILE_PREFIX_HEADER = YES;
				GCC_PREFIX_HEADER = "C10-Git test/C10-Git test-Prefix.pch";
				GCC_PREPROCESSOR_DEFINITIONS = (
					"DEBUG=1",
					"$(inherited)",
				);
				INFOPLIST_FILE = "C10-Git testTests/C10-Git testTests-Info.plist";
				PRODUCT_NAME = "$(TARGET_NAME)";
				TEST_HOST = "$(BUNDLE_LOADER)";
				WRAPPER_EXTENSION = xctest;
			};
			name = Debug;
		};
		2AC630C61979358700E768A4 /* Release */ = {
			isa = XCBuildConfiguration;
			buildSettings = {
				BUNDLE_LOADER = "$(BUILT_PRODUCTS_DIR)/C10-Git test.app/C10-Git test";
				FRAMEWORK_SEARCH_PATHS = (
					"$(SDKROOT)/Developer/Library/Frameworks",
					"$(inherited)",
					"$(DEVELOPER_FRAMEWORKS_DIR)",
				);
				GCC_PRECOMPILE_PREFIX_HEADER = YES;
				GCC_PREFIX_HEADER = "C10-Git test/C10-Git test-Prefix.pch";
				INFOPLIST_FILE = "C10-Git testTests/C10-Git testTests-Info.plist";
				PRODUCT_NAME = "$(TARGET_NAME)";
				TEST_HOST = "$(BUNDLE_LOADER)";
				WRAPPER_EXTENSION = xctest;
			};
			name = Release;
		};
/* End XCBuildConfiguration section */

/* Begin XCConfigurationList section */
		2AC6308A1979358600E768A4 /* Build configuration list for PBXProject "C10-Git test" */ = {
			isa = XCConfigurationList;
			buildConfigurations = (
				2AC630BF1979358700E768A4 /* Debug */,
				2AC630C01979358700E768A4 /* Release */,
			);
			defaultConfigurationIsVisible = 0;
			defaultConfigurationName = Release;
		};
		2AC630C11979358700E768A4 /* Build configuration list for PBXNativeTarget "C10-Git test" */ = {
			isa = XCConfigurationList;
			buildConfigurations = (
				2AC630C21979358700E768A4 /* Debug */,
				2AC630C31979358700E768A4 /* Release */,
			);
			defaultConfigurationIsVisible = 0;
		};
		2AC630C41979358700E768A4 /* Build configuration list for PBXNativeTarget "C10-Git testTests" */ = {
			isa = XCConfigurationList;
			buildConfigurations = (
				2AC630C51979358700E768A4 /* Debug */,
				2AC630C61979358700E768A4 /* Release */,
			);
			defaultConfigurationIsVisible = 0;
		};
/* End XCConfigurationList section */
	};
	rootObject = 2AC630871979358600E768A4 /* Project object */;
}
